
Microsoft Visual Studio Solution File, Format Version 12.00
# Visual Studio Version 16
VisualStudioVersion = 16.0.31005.135
MinimumVisualStudioVersion = 10.0.40219.1
Project("{FAE04EC0-301F-11D3-BF4B-00C04F79EFBC}") = "WeaponCrosshair", "WeaponCrosshair.csproj", "{0C36626E-9DC5-47C0-B347-6FC15D135B60}"
EndProject
Global
	GlobalSection(SolutionConfigurationPlatforms) = preSolution
		Debug|Any CPU = Debug|Any CPU
		Release|Any CPU = Release|Any CPU
	EndGlobalSection
	GlobalSection(ProjectConfigurationPlatforms) = postSolution
		{0C36626E-9DC5-47C0-B347-6FC15D135B60}.Debug|Any CPU.ActiveCfg = Debug|Any CPU
		{0C36626E-9DC5-47C0-B347-6FC15D135B60}.Debug|Any CPU.Build.0 = Debug|Any CPU
		{0C36626E-9DC5-47C0-B347-6FC15D135B60}.Release|Any CPU.ActiveCfg = Release|Any CPU
		{0C36626E-9DC5-47C0-B347-6FC15D135B60}.Release|Any CPU.Build.0 = Release|Any CPU
	EndGlobalSection
	GlobalSection(SolutionProperties) = preSolution
		HideSolutionNode = FALSE
	EndGlobalSection
	GlobalSection(ExtensibilityGlobals) = postSolution
		SolutionGuid = {0F6EFD00-9982-44E7-BE76-E37D4D93CDC1}
	EndGlobalSection
EndGlobal
